// !$*UTF8*$!
{
	archiveVersion = 1;
	classes = {
	};
	objectVersion = 46;
	objects = {

/* Begin PBXBuildFile section */
		828FB45C18845A3B00BF9A59 /* MotionAnalysis.mm in Sources */ = {isa = PBXBuildFile; fileRef = 828FB45A18845A3B00BF9A59 /* MotionAnalysis.mm */; };
		9B2EB25B18A812F8007EFB24 /* .gitignore in Resources */ = {isa = PBXBuildFile; fileRef = 9B2EB22B18A812F8007EFB24 /* .gitignore */; };
		9B2EB25C18A812F8007EFB24 /* LICENSE.txt in Resources */ = {isa = PBXBuildFile; fileRef = 9B2EB22C18A812F8007EFB24 /* LICENSE.txt */; };
		9B2EB25D18A812F8007EFB24 /* QBAssetsCollectionCheckmarkView.m in Sources */ = {isa = PBXBuildFile; fileRef = 9B2EB22F18A812F8007EFB24 /* QBAssetsCollectionCheckmarkView.m */; };
		9B2EB25E18A812F8007EFB24 /* QBAssetsCollectionFooterView.m in Sources */ = {isa = PBXBuildFile; fileRef = 9B2EB23118A812F8007EFB24 /* QBAssetsCollectionFooterView.m */; };
		9B2EB25F18A812F8007EFB24 /* QBAssetsCollectionOverlayView.m in Sources */ = {isa = PBXBuildFile; fileRef = 9B2EB23318A812F8007EFB24 /* QBAssetsCollectionOverlayView.m */; };
		9B2EB26018A812F8007EFB24 /* QBAssetsCollectionViewCell.m in Sources */ = {isa = PBXBuildFile; fileRef = 9B2EB23518A812F8007EFB24 /* QBAssetsCollectionViewCell.m */; };
		9B2EB26118A812F8007EFB24 /* QBAssetsCollectionViewController.m in Sources */ = {isa = PBXBuildFile; fileRef = 9B2EB23718A812F8007EFB24 /* QBAssetsCollectionViewController.m */; };
		9B2EB26218A812F8007EFB24 /* QBAssetsCollectionViewLayout.m in Sources */ = {isa = PBXBuildFile; fileRef = 9B2EB23918A812F8007EFB24 /* QBAssetsCollectionViewLayout.m */; };
		9B2EB26318A812F8007EFB24 /* QBImagePickerController.m in Sources */ = {isa = PBXBuildFile; fileRef = 9B2EB23B18A812F8007EFB24 /* QBImagePickerController.m */; };
		9B2EB26418A812F8007EFB24 /* QBImagePickerGroupCell.m in Sources */ = {isa = PBXBuildFile; fileRef = 9B2EB23D18A812F8007EFB24 /* QBImagePickerGroupCell.m */; };
		9B2EB26518A812F8007EFB24 /* QBImagePickerThumbnailView.m in Sources */ = {isa = PBXBuildFile; fileRef = 9B2EB23F18A812F8007EFB24 /* QBImagePickerThumbnailView.m */; };
		9B2EB26618A812F8007EFB24 /* QBImagePickerController.strings in Resources */ = {isa = PBXBuildFile; fileRef = 9B2EB24118A812F8007EFB24 /* QBImagePickerController.strings */; };
		9B2EB27118A812F8007EFB24 /* README.md in Resources */ = {isa = PBXBuildFile; fileRef = 9B2EB25A18A812F8007EFB24 /* README.md */; };
		9B2EB27A18A813A1007EFB24 /* ProcessBatchViewController.m in Sources */ = {isa = PBXBuildFile; fileRef = 9B2EB27918A813A1007EFB24 /* ProcessBatchViewController.m */; };
		9B7BDD5918A8151400757004 /* opencv2.framework in Frameworks */ = {isa = PBXBuildFile; fileRef = 9B7BDD5818A8151400757004 /* opencv2.framework */; };
		9BC516A518806B49000C9110 /* Foundation.framework in Frameworks */ = {isa = PBXBuildFile; fileRef = 9BC516A418806B49000C9110 /* Foundation.framework */; };
		9BC516A718806B49000C9110 /* CoreGraphics.framework in Frameworks */ = {isa = PBXBuildFile; fileRef = 9BC516A618806B49000C9110 /* CoreGraphics.framework */; };
		9BC516A918806B49000C9110 /* UIKit.framework in Frameworks */ = {isa = PBXBuildFile; fileRef = 9BC516A818806B49000C9110 /* UIKit.framework */; };
		9BC516AF18806B49000C9110 /* InfoPlist.strings in Resources */ = {isa = PBXBuildFile; fileRef = 9BC516AD18806B49000C9110 /* InfoPlist.strings */; };
		9BC516B118806B49000C9110 /* main.m in Sources */ = {isa = PBXBuildFile; fileRef = 9BC516B018806B49000C9110 /* main.m */; };
		9BC516B518806B49000C9110 /* AppDelegate.m in Sources */ = {isa = PBXBuildFile; fileRef = 9BC516B418806B49000C9110 /* AppDelegate.m */; };
		9BC516B818806B49000C9110 /* Main_iPhone.storyboard in Resources */ = {isa = PBXBuildFile; fileRef = 9BC516B618806B49000C9110 /* Main_iPhone.storyboard */; };
		9BC516BB18806B49000C9110 /* Main_iPad.storyboard in Resources */ = {isa = PBXBuildFile; fileRef = 9BC516B918806B49000C9110 /* Main_iPad.storyboard */; };
		9BC516BE18806B49000C9110 /* ViewController.m in Sources */ = {isa = PBXBuildFile; fileRef = 9BC516BD18806B49000C9110 /* ViewController.m */; };
		9BC516C018806B49000C9110 /* Images.xcassets in Resources */ = {isa = PBXBuildFile; fileRef = 9BC516BF18806B49000C9110 /* Images.xcassets */; };
		9BC516C718806B49000C9110 /* XCTest.framework in Frameworks */ = {isa = PBXBuildFile; fileRef = 9BC516C618806B49000C9110 /* XCTest.framework */; };
		9BC516C818806B49000C9110 /* Foundation.framework in Frameworks */ = {isa = PBXBuildFile; fileRef = 9BC516A418806B49000C9110 /* Foundation.framework */; };
		9BC516C918806B49000C9110 /* UIKit.framework in Frameworks */ = {isa = PBXBuildFile; fileRef = 9BC516A818806B49000C9110 /* UIKit.framework */; };
		9BC516D118806B4A000C9110 /* InfoPlist.strings in Resources */ = {isa = PBXBuildFile; fileRef = 9BC516CF18806B4A000C9110 /* InfoPlist.strings */; };
		9BC516D318806B4A000C9110 /* LoaTestkitTests.m in Sources */ = {isa = PBXBuildFile; fileRef = 9BC516D218806B4A000C9110 /* LoaTestkitTests.m */; };
		9BC516DE18806CF6000C9110 /* SelectVideoViewController.m in Sources */ = {isa = PBXBuildFile; fileRef = 9BC516DD18806CF6000C9110 /* SelectVideoViewController.m */; };
		9BC516E018806D59000C9110 /* AssetsLibrary.framework in Frameworks */ = {isa = PBXBuildFile; fileRef = 9BC516DF18806D59000C9110 /* AssetsLibrary.framework */; };
		9BC516E218806D61000C9110 /* CoreVideo.framework in Frameworks */ = {isa = PBXBuildFile; fileRef = 9BC516E118806D61000C9110 /* CoreVideo.framework */; };
		9BC516E418806D69000C9110 /* CoreMedia.framework in Frameworks */ = {isa = PBXBuildFile; fileRef = 9BC516E318806D69000C9110 /* CoreMedia.framework */; };
		9BC516E71880700D000C9110 /* PlayVideoViewController.m in Sources */ = {isa = PBXBuildFile; fileRef = 9BC516E61880700D000C9110 /* PlayVideoViewController.m */; };
		9BC516EA18807151000C9110 /* MenuViewController.m in Sources */ = {isa = PBXBuildFile; fileRef = 9BC516E918807151000C9110 /* MenuViewController.m */; };
		9BC516EE18807F15000C9110 /* ProcessFramesViewController.m in Sources */ = {isa = PBXBuildFile; fileRef = 9BC516ED18807F15000C9110 /* ProcessFramesViewController.m */; };
		9BC516F4188084EE000C9110 /* FrameBuffer.mm in Sources */ = {isa = PBXBuildFile; fileRef = 9BC516F3188084EE000C9110 /* FrameBuffer.mm */; };
		9BC516F718808573000C9110 /* UIImage+OpenCV.mm in Sources */ = {isa = PBXBuildFile; fileRef = 9BC516F618808573000C9110 /* UIImage+OpenCV.mm */; };
		9BDAC75D1880BE7A00C66C17 /* ReviewVideoViewController.m in Sources */ = {isa = PBXBuildFile; fileRef = 9BDAC75C1880BE7A00C66C17 /* ReviewVideoViewController.m */; };
		9BDAC7601880BEA400C66C17 /* ProcessingResults.m in Sources */ = {isa = PBXBuildFile; fileRef = 9BDAC75F1880BEA400C66C17 /* ProcessingResults.m */; };
/* End PBXBuildFile section */

/* Begin PBXContainerItemProxy section */
		9BC516CA18806B49000C9110 /* PBXContainerItemProxy */ = {
			isa = PBXContainerItemProxy;
			containerPortal = 9BC5169918806B49000C9110 /* Project object */;
			proxyType = 1;
			remoteGlobalIDString = 9BC516A018806B49000C9110;
			remoteInfo = LoaTestkit;
		};
/* End PBXContainerItemProxy section */

/* Begin PBXFileReference section */
		828FB45A18845A3B00BF9A59 /* MotionAnalysis.mm */ = {isa = PBXFileReference; fileEncoding = 4; lastKnownFileType = sourcecode.cpp.objcpp; path = MotionAnalysis.mm; sourceTree = "<group>"; };
		828FB45B18845A3B00BF9A59 /* MotionAnalysis.h */ = {isa = PBXFileReference; fileEncoding = 4; lastKnownFileType = sourcecode.c.h; path = MotionAnalysis.h; sourceTree = "<group>"; };
		9B2EB22B18A812F8007EFB24 /* .gitignore */ = {isa = PBXFileReference; fileEncoding = 4; lastKnownFileType = text; path = .gitignore; sourceTree = "<group>"; };
		9B2EB22C18A812F8007EFB24 /* LICENSE.txt */ = {isa = PBXFileReference; fileEncoding = 4; lastKnownFileType = text; path = LICENSE.txt; sourceTree = "<group>"; };
		9B2EB22E18A812F8007EFB24 /* QBAssetsCollectionCheckmarkView.h */ = {isa = PBXFileReference; fileEncoding = 4; lastKnownFileType = sourcecode.c.h; path = QBAssetsCollectionCheckmarkView.h; sourceTree = "<group>"; };
		9B2EB22F18A812F8007EFB24 /* QBAssetsCollectionCheckmarkView.m */ = {isa = PBXFileReference; fileEncoding = 4; lastKnownFileType = sourcecode.c.objc; path = QBAssetsCollectionCheckmarkView.m; sourceTree = "<group>"; };
		9B2EB23018A812F8007EFB24 /* QBAssetsCollectionFooterView.h */ = {isa = PBXFileReference; fileEncoding = 4; lastKnownFileType = sourcecode.c.h; path = QBAssetsCollectionFooterView.h; sourceTree = "<group>"; };
		9B2EB23118A812F8007EFB24 /* QBAssetsCollectionFooterView.m */ = {isa = PBXFileReference; fileEncoding = 4; lastKnownFileType = sourcecode.c.objc; path = QBAssetsCollectionFooterView.m; sourceTree = "<group>"; };
		9B2EB23218A812F8007EFB24 /* QBAssetsCollectionOverlayView.h */ = {isa = PBXFileReference; fileEncoding = 4; lastKnownFileType = sourcecode.c.h; path = QBAssetsCollectionOverlayView.h; sourceTree = "<group>"; };
		9B2EB23318A812F8007EFB24 /* QBAssetsCollectionOverlayView.m */ = {isa = PBXFileReference; fileEncoding = 4; lastKnownFileType = sourcecode.c.objc; path = QBAssetsCollectionOverlayView.m; sourceTree = "<group>"; };
		9B2EB23418A812F8007EFB24 /* QBAssetsCollectionViewCell.h */ = {isa = PBXFileReference; fileEncoding = 4; lastKnownFileType = sourcecode.c.h; path = QBAssetsCollectionViewCell.h; sourceTree = "<group>"; };
		9B2EB23518A812F8007EFB24 /* QBAssetsCollectionViewCell.m */ = {isa = PBXFileReference; fileEncoding = 4; lastKnownFileType = sourcecode.c.objc; path = QBAssetsCollectionViewCell.m; sourceTree = "<group>"; };
		9B2EB23618A812F8007EFB24 /* QBAssetsCollectionViewController.h */ = {isa = PBXFileReference; fileEncoding = 4; lastKnownFileType = sourcecode.c.h; path = QBAssetsCollectionViewController.h; sourceTree = "<group>"; };
		9B2EB23718A812F8007EFB24 /* QBAssetsCollectionViewController.m */ = {isa = PBXFileReference; fileEncoding = 4; lastKnownFileType = sourcecode.c.objc; path = QBAssetsCollectionViewController.m; sourceTree = "<group>"; };
		9B2EB23818A812F8007EFB24 /* QBAssetsCollectionViewLayout.h */ = {isa = PBXFileReference; fileEncoding = 4; lastKnownFileType = sourcecode.c.h; path = QBAssetsCollectionViewLayout.h; sourceTree = "<group>"; };
		9B2EB23918A812F8007EFB24 /* QBAssetsCollectionViewLayout.m */ = {isa = PBXFileReference; fileEncoding = 4; lastKnownFileType = sourcecode.c.objc; path = QBAssetsCollectionViewLayout.m; sourceTree = "<group>"; };
		9B2EB23A18A812F8007EFB24 /* QBImagePickerController.h */ = {isa = PBXFileReference; fileEncoding = 4; lastKnownFileType = sourcecode.c.h; path = QBImagePickerController.h; sourceTree = "<group>"; };
		9B2EB23B18A812F8007EFB24 /* QBImagePickerController.m */ = {isa = PBXFileReference; fileEncoding = 4; lastKnownFileType = sourcecode.c.objc; path = QBImagePickerController.m; sourceTree = "<group>"; };
		9B2EB23C18A812F8007EFB24 /* QBImagePickerGroupCell.h */ = {isa = PBXFileReference; fileEncoding = 4; lastKnownFileType = sourcecode.c.h; path = QBImagePickerGroupCell.h; sourceTree = "<group>"; };
		9B2EB23D18A812F8007EFB24 /* QBImagePickerGroupCell.m */ = {isa = PBXFileReference; fileEncoding = 4; lastKnownFileType = sourcecode.c.objc; path = QBImagePickerGroupCell.m; sourceTree = "<group>"; };
		9B2EB23E18A812F8007EFB24 /* QBImagePickerThumbnailView.h */ = {isa = PBXFileReference; fileEncoding = 4; lastKnownFileType = sourcecode.c.h; path = QBImagePickerThumbnailView.h; sourceTree = "<group>"; };
		9B2EB23F18A812F8007EFB24 /* QBImagePickerThumbnailView.m */ = {isa = PBXFileReference; fileEncoding = 4; lastKnownFileType = sourcecode.c.objc; path = QBImagePickerThumbnailView.m; sourceTree = "<group>"; };
		9B2EB24218A812F8007EFB24 /* en */ = {isa = PBXFileReference; lastKnownFileType = text.plist.strings; name = en; path = en.lproj/QBImagePickerController.strings; sourceTree = "<group>"; };
		9B2EB24318A812F8007EFB24 /* ja */ = {isa = PBXFileReference; lastKnownFileType = text.plist.strings; name = ja; path = ja.lproj/QBImagePickerController.strings; sourceTree = "<group>"; };
		9B2EB25A18A812F8007EFB24 /* README.md */ = {isa = PBXFileReference; fileEncoding = 4; lastKnownFileType = text; path = README.md; sourceTree = "<group>"; };
		9B2EB27818A813A1007EFB24 /* ProcessBatchViewController.h */ = {isa = PBXFileReference; fileEncoding = 4; lastKnownFileType = sourcecode.c.h; path = ProcessBatchViewController.h; sourceTree = "<group>"; };
		9B2EB27918A813A1007EFB24 /* ProcessBatchViewController.m */ = {isa = PBXFileReference; fileEncoding = 4; lastKnownFileType = sourcecode.c.objc; path = ProcessBatchViewController.m; sourceTree = "<group>"; };
		9B7BDD5818A8151400757004 /* opencv2.framework */ = {isa = PBXFileReference; lastKnownFileType = wrapper.framework; name = opencv2.framework; path = ../opencv2.framework; sourceTree = "<group>"; };
		9BC516A118806B49000C9110 /* LoaTestkit.app */ = {isa = PBXFileReference; explicitFileType = wrapper.application; includeInIndex = 0; path = LoaTestkit.app; sourceTree = BUILT_PRODUCTS_DIR; };
		9BC516A418806B49000C9110 /* Foundation.framework */ = {isa = PBXFileReference; lastKnownFileType = wrapper.framework; name = Foundation.framework; path = System/Library/Frameworks/Foundation.framework; sourceTree = SDKROOT; };
		9BC516A618806B49000C9110 /* CoreGraphics.framework */ = {isa = PBXFileReference; lastKnownFileType = wrapper.framework; name = CoreGraphics.framework; path = System/Library/Frameworks/CoreGraphics.framework; sourceTree = SDKROOT; };
		9BC516A818806B49000C9110 /* UIKit.framework */ = {isa = PBXFileReference; lastKnownFileType = wrapper.framework; name = UIKit.framework; path = System/Library/Frameworks/UIKit.framework; sourceTree = SDKROOT; };
		9BC516AC18806B49000C9110 /* LoaTestkit-Info.plist */ = {isa = PBXFileReference; lastKnownFileType = text.plist.xml; path = "LoaTestkit-Info.plist"; sourceTree = "<group>"; };
		9BC516AE18806B49000C9110 /* en */ = {isa = PBXFileReference; lastKnownFileType = text.plist.strings; name = en; path = en.lproj/InfoPlist.strings; sourceTree = "<group>"; };
		9BC516B018806B49000C9110 /* main.m */ = {isa = PBXFileReference; lastKnownFileType = sourcecode.c.objc; path = main.m; sourceTree = "<group>"; };
		9BC516B218806B49000C9110 /* LoaTestkit-Prefix.pch */ = {isa = PBXFileReference; lastKnownFileType = sourcecode.c.h; path = "LoaTestkit-Prefix.pch"; sourceTree = "<group>"; };
		9BC516B318806B49000C9110 /* AppDelegate.h */ = {isa = PBXFileReference; lastKnownFileType = sourcecode.c.h; path = AppDelegate.h; sourceTree = "<group>"; };
		9BC516B418806B49000C9110 /* AppDelegate.m */ = {isa = PBXFileReference; lastKnownFileType = sourcecode.c.objc; path = AppDelegate.m; sourceTree = "<group>"; };
		9BC516B718806B49000C9110 /* Base */ = {isa = PBXFileReference; lastKnownFileType = file.storyboard; name = Base; path = Base.lproj/Main_iPhone.storyboard; sourceTree = "<group>"; };
		9BC516BA18806B49000C9110 /* Base */ = {isa = PBXFileReference; lastKnownFileType = file.storyboard; name = Base; path = Base.lproj/Main_iPad.storyboard; sourceTree = "<group>"; };
		9BC516BC18806B49000C9110 /* ViewController.h */ = {isa = PBXFileReference; lastKnownFileType = sourcecode.c.h; path = ViewController.h; sourceTree = "<group>"; };
		9BC516BD18806B49000C9110 /* ViewController.m */ = {isa = PBXFileReference; lastKnownFileType = sourcecode.c.objc; path = ViewController.m; sourceTree = "<group>"; };
		9BC516BF18806B49000C9110 /* Images.xcassets */ = {isa = PBXFileReference; lastKnownFileType = folder.assetcatalog; path = Images.xcassets; sourceTree = "<group>"; };
		9BC516C518806B49000C9110 /* LoaTestkitTests.xctest */ = {isa = PBXFileReference; explicitFileType = wrapper.cfbundle; includeInIndex = 0; path = LoaTestkitTests.xctest; sourceTree = BUILT_PRODUCTS_DIR; };
		9BC516C618806B49000C9110 /* XCTest.framework */ = {isa = PBXFileReference; lastKnownFileType = wrapper.framework; name = XCTest.framework; path = Library/Frameworks/XCTest.framework; sourceTree = DEVELOPER_DIR; };
		9BC516CE18806B49000C9110 /* LoaTestkitTests-Info.plist */ = {isa = PBXFileReference; lastKnownFileType = text.plist.xml; path = "LoaTestkitTests-Info.plist"; sourceTree = "<group>"; };
		9BC516D018806B4A000C9110 /* en */ = {isa = PBXFileReference; lastKnownFileType = text.plist.strings; name = en; path = en.lproj/InfoPlist.strings; sourceTree = "<group>"; };
		9BC516D218806B4A000C9110 /* LoaTestkitTests.m */ = {isa = PBXFileReference; lastKnownFileType = sourcecode.c.objc; path = LoaTestkitTests.m; sourceTree = "<group>"; };
		9BC516DC18806CF6000C9110 /* SelectVideoViewController.h */ = {isa = PBXFileReference; fileEncoding = 4; lastKnownFileType = sourcecode.c.h; path = SelectVideoViewController.h; sourceTree = "<group>"; };
		9BC516DD18806CF6000C9110 /* SelectVideoViewController.m */ = {isa = PBXFileReference; fileEncoding = 4; lastKnownFileType = sourcecode.c.objc; path = SelectVideoViewController.m; sourceTree = "<group>"; };
		9BC516DF18806D59000C9110 /* AssetsLibrary.framework */ = {isa = PBXFileReference; lastKnownFileType = wrapper.framework; name = AssetsLibrary.framework; path = System/Library/Frameworks/AssetsLibrary.framework; sourceTree = SDKROOT; };
		9BC516E118806D61000C9110 /* CoreVideo.framework */ = {isa = PBXFileReference; lastKnownFileType = wrapper.framework; name = CoreVideo.framework; path = System/Library/Frameworks/CoreVideo.framework; sourceTree = SDKROOT; };
		9BC516E318806D69000C9110 /* CoreMedia.framework */ = {isa = PBXFileReference; lastKnownFileType = wrapper.framework; name = CoreMedia.framework; path = System/Library/Frameworks/CoreMedia.framework; sourceTree = SDKROOT; };
		9BC516E51880700D000C9110 /* PlayVideoViewController.h */ = {isa = PBXFileReference; fileEncoding = 4; lastKnownFileType = sourcecode.c.h; path = PlayVideoViewController.h; sourceTree = "<group>"; };
		9BC516E61880700D000C9110 /* PlayVideoViewController.m */ = {isa = PBXFileReference; fileEncoding = 4; lastKnownFileType = sourcecode.c.objc; path = PlayVideoViewController.m; sourceTree = "<group>"; };
		9BC516E818807151000C9110 /* MenuViewController.h */ = {isa = PBXFileReference; fileEncoding = 4; lastKnownFileType = sourcecode.c.h; path = MenuViewController.h; sourceTree = "<group>"; };
		9BC516E918807151000C9110 /* MenuViewController.m */ = {isa = PBXFileReference; fileEncoding = 4; lastKnownFileType = sourcecode.c.objc; path = MenuViewController.m; sourceTree = "<group>"; };
		9BC516EC18807F15000C9110 /* ProcessFramesViewController.h */ = {isa = PBXFileReference; fileEncoding = 4; lastKnownFileType = sourcecode.c.h; path = ProcessFramesViewController.h; sourceTree = "<group>"; };
		9BC516ED18807F15000C9110 /* ProcessFramesViewController.m */ = {isa = PBXFileReference; fileEncoding = 4; lastKnownFileType = sourcecode.c.objc; path = ProcessFramesViewController.m; sourceTree = "<group>"; };
		9BC516F2188084EE000C9110 /* FrameBuffer.h */ = {isa = PBXFileReference; fileEncoding = 4; lastKnownFileType = sourcecode.c.h; path = FrameBuffer.h; sourceTree = "<group>"; };
		9BC516F3188084EE000C9110 /* FrameBuffer.mm */ = {isa = PBXFileReference; fileEncoding = 4; lastKnownFileType = sourcecode.cpp.objcpp; path = FrameBuffer.mm; sourceTree = "<group>"; };
		9BC516F518808573000C9110 /* UIImage+OpenCV.h */ = {isa = PBXFileReference; fileEncoding = 4; lastKnownFileType = sourcecode.c.h; path = "UIImage+OpenCV.h"; sourceTree = "<group>"; };
		9BC516F618808573000C9110 /* UIImage+OpenCV.mm */ = {isa = PBXFileReference; fileEncoding = 4; lastKnownFileType = sourcecode.cpp.objcpp; path = "UIImage+OpenCV.mm"; sourceTree = "<group>"; };
		9BDAC75B1880BE7A00C66C17 /* ReviewVideoViewController.h */ = {isa = PBXFileReference; fileEncoding = 4; lastKnownFileType = sourcecode.c.h; path = ReviewVideoViewController.h; sourceTree = "<group>"; };
		9BDAC75C1880BE7A00C66C17 /* ReviewVideoViewController.m */ = {isa = PBXFileReference; fileEncoding = 4; lastKnownFileType = sourcecode.c.objc; path = ReviewVideoViewController.m; sourceTree = "<group>"; };
		9BDAC75E1880BEA400C66C17 /* ProcessingResults.h */ = {isa = PBXFileReference; fileEncoding = 4; lastKnownFileType = sourcecode.c.h; path = ProcessingResults.h; sourceTree = "<group>"; };
		9BDAC75F1880BEA400C66C17 /* ProcessingResults.m */ = {isa = PBXFileReference; fileEncoding = 4; lastKnownFileType = sourcecode.c.objc; path = ProcessingResults.m; sourceTree = "<group>"; };
/* End PBXFileReference section */

/* Begin PBXFrameworksBuildPhase section */
		9BC5169E18806B49000C9110 /* Frameworks */ = {
			isa = PBXFrameworksBuildPhase;
			buildActionMask = 2147483647;
			files = (
				9B7BDD5918A8151400757004 /* opencv2.framework in Frameworks */,
				9BC516E418806D69000C9110 /* CoreMedia.framework in Frameworks */,
				9BC516E218806D61000C9110 /* CoreVideo.framework in Frameworks */,
				9BC516E018806D59000C9110 /* AssetsLibrary.framework in Frameworks */,
				9BC516A718806B49000C9110 /* CoreGraphics.framework in Frameworks */,
				9BC516A918806B49000C9110 /* UIKit.framework in Frameworks */,
				9BC516A518806B49000C9110 /* Foundation.framework in Frameworks */,
			);
			runOnlyForDeploymentPostprocessing = 0;
		};
		9BC516C218806B49000C9110 /* Frameworks */ = {
			isa = PBXFrameworksBuildPhase;
			buildActionMask = 2147483647;
			files = (
				9BC516C718806B49000C9110 /* XCTest.framework in Frameworks */,
				9BC516C918806B49000C9110 /* UIKit.framework in Frameworks */,
				9BC516C818806B49000C9110 /* Foundation.framework in Frameworks */,
			);
			runOnlyForDeploymentPostprocessing = 0;
		};
/* End PBXFrameworksBuildPhase section */

/* Begin PBXGroup section */
		9B2EB22A18A812F8007EFB24 /* QBImagePickerController-master */ = {
			isa = PBXGroup;
			children = (
				9B2EB22B18A812F8007EFB24 /* .gitignore */,
				9B2EB22C18A812F8007EFB24 /* LICENSE.txt */,
				9B2EB22D18A812F8007EFB24 /* QBImagePickerController */,
				9B2EB25A18A812F8007EFB24 /* README.md */,
			);
			name = "QBImagePickerController-master";
			path = "../QBImagePickerController-master";
			sourceTree = "<group>";
		};
		9B2EB22D18A812F8007EFB24 /* QBImagePickerController */ = {
			isa = PBXGroup;
			children = (
				9B2EB22E18A812F8007EFB24 /* QBAssetsCollectionCheckmarkView.h */,
				9B2EB22F18A812F8007EFB24 /* QBAssetsCollectionCheckmarkView.m */,
				9B2EB23018A812F8007EFB24 /* QBAssetsCollectionFooterView.h */,
				9B2EB23118A812F8007EFB24 /* QBAssetsCollectionFooterView.m */,
				9B2EB23218A812F8007EFB24 /* QBAssetsCollectionOverlayView.h */,
				9B2EB23318A812F8007EFB24 /* QBAssetsCollectionOverlayView.m */,
				9B2EB23418A812F8007EFB24 /* QBAssetsCollectionViewCell.h */,
				9B2EB23518A812F8007EFB24 /* QBAssetsCollectionViewCell.m */,
				9B2EB23618A812F8007EFB24 /* QBAssetsCollectionViewController.h */,
				9B2EB23718A812F8007EFB24 /* QBAssetsCollectionViewController.m */,
				9B2EB23818A812F8007EFB24 /* QBAssetsCollectionViewLayout.h */,
				9B2EB23918A812F8007EFB24 /* QBAssetsCollectionViewLayout.m */,
				9B2EB23A18A812F8007EFB24 /* QBImagePickerController.h */,
				9B2EB23B18A812F8007EFB24 /* QBImagePickerController.m */,
				9B2EB23C18A812F8007EFB24 /* QBImagePickerGroupCell.h */,
				9B2EB23D18A812F8007EFB24 /* QBImagePickerGroupCell.m */,
				9B2EB23E18A812F8007EFB24 /* QBImagePickerThumbnailView.h */,
				9B2EB23F18A812F8007EFB24 /* QBImagePickerThumbnailView.m */,
				9B2EB24018A812F8007EFB24 /* Resources */,
			);
			path = QBImagePickerController;
			sourceTree = "<group>";
		};
		9B2EB24018A812F8007EFB24 /* Resources */ = {
			isa = PBXGroup;
			children = (
				9B2EB24118A812F8007EFB24 /* QBImagePickerController.strings */,
			);
			path = Resources;
			sourceTree = "<group>";
		};
		9BC5169818806B49000C9110 = {
			isa = PBXGroup;
			children = (
				9B2EB22A18A812F8007EFB24 /* QBImagePickerController-master */,
				9BC516AA18806B49000C9110 /* LoaTestkit */,
				9BC516CC18806B49000C9110 /* LoaTestkitTests */,
				9BC516A318806B49000C9110 /* Frameworks */,
				9BC516A218806B49000C9110 /* Products */,
			);
			sourceTree = "<group>";
		};
		9BC516A218806B49000C9110 /* Products */ = {
			isa = PBXGroup;
			children = (
				9BC516A118806B49000C9110 /* LoaTestkit.app */,
				9BC516C518806B49000C9110 /* LoaTestkitTests.xctest */,
			);
			name = Products;
			sourceTree = "<group>";
		};
		9BC516A318806B49000C9110 /* Frameworks */ = {
			isa = PBXGroup;
			children = (
				9B7BDD5818A8151400757004 /* opencv2.framework */,
				9BC516E318806D69000C9110 /* CoreMedia.framework */,
				9BC516E118806D61000C9110 /* CoreVideo.framework */,
				9BC516DF18806D59000C9110 /* AssetsLibrary.framework */,
				9BC516A418806B49000C9110 /* Foundation.framework */,
				9BC516A618806B49000C9110 /* CoreGraphics.framework */,
				9BC516A818806B49000C9110 /* UIKit.framework */,
				9BC516C618806B49000C9110 /* XCTest.framework */,
			);
			name = Frameworks;
			sourceTree = "<group>";
		};
		9BC516AA18806B49000C9110 /* LoaTestkit */ = {
			isa = PBXGroup;
			children = (
				9BC516F518808573000C9110 /* UIImage+OpenCV.h */,
				9BC516F618808573000C9110 /* UIImage+OpenCV.mm */,
				828FB45A18845A3B00BF9A59 /* MotionAnalysis.mm */,
				828FB45B18845A3B00BF9A59 /* MotionAnalysis.h */,
				9BC516F2188084EE000C9110 /* FrameBuffer.h */,
				9BC516F3188084EE000C9110 /* FrameBuffer.mm */,
				9BC516B318806B49000C9110 /* AppDelegate.h */,
				9BC516B418806B49000C9110 /* AppDelegate.m */,
				9BC516B618806B49000C9110 /* Main_iPhone.storyboard */,
				9BC516B918806B49000C9110 /* Main_iPad.storyboard */,
				9BC516BC18806B49000C9110 /* ViewController.h */,
				9BC516BD18806B49000C9110 /* ViewController.m */,
				9BC516BF18806B49000C9110 /* Images.xcassets */,
				9BC516AB18806B49000C9110 /* Supporting Files */,
				9BC516DC18806CF6000C9110 /* SelectVideoViewController.h */,
				9BC516DD18806CF6000C9110 /* SelectVideoViewController.m */,
				9BC516E51880700D000C9110 /* PlayVideoViewController.h */,
				9BC516E61880700D000C9110 /* PlayVideoViewController.m */,
				9BC516E818807151000C9110 /* MenuViewController.h */,
				9BC516E918807151000C9110 /* MenuViewController.m */,
				9BC516EC18807F15000C9110 /* ProcessFramesViewController.h */,
				9BC516ED18807F15000C9110 /* ProcessFramesViewController.m */,
				9BDAC75B1880BE7A00C66C17 /* ReviewVideoViewController.h */,
				9BDAC75C1880BE7A00C66C17 /* ReviewVideoViewController.m */,
				9BDAC75E1880BEA400C66C17 /* ProcessingResults.h */,
				9BDAC75F1880BEA400C66C17 /* ProcessingResults.m */,
				9B2EB27818A813A1007EFB24 /* ProcessBatchViewController.h */,
				9B2EB27918A813A1007EFB24 /* ProcessBatchViewController.m */,
			);
			path = LoaTestkit;
			sourceTree = "<group>";
		};
		9BC516AB18806B49000C9110 /* Supporting Files */ = {
			isa = PBXGroup;
			children = (
				9BC516AC18806B49000C9110 /* LoaTestkit-Info.plist */,
				9BC516AD18806B49000C9110 /* InfoPlist.strings */,
				9BC516B018806B49000C9110 /* main.m */,
				9BC516B218806B49000C9110 /* LoaTestkit-Prefix.pch */,
			);
			name = "Supporting Files";
			sourceTree = "<group>";
		};
		9BC516CC18806B49000C9110 /* LoaTestkitTests */ = {
			isa = PBXGroup;
			children = (
				9BC516D218806B4A000C9110 /* LoaTestkitTests.m */,
				9BC516CD18806B49000C9110 /* Supporting Files */,
			);
			path = LoaTestkitTests;
			sourceTree = "<group>";
		};
		9BC516CD18806B49000C9110 /* Supporting Files */ = {
			isa = PBXGroup;
			children = (
				9BC516CE18806B49000C9110 /* LoaTestkitTests-Info.plist */,
				9BC516CF18806B4A000C9110 /* InfoPlist.strings */,
			);
			name = "Supporting Files";
			sourceTree = "<group>";
		};
/* End PBXGroup section */

/* Begin PBXNativeTarget section */
		9BC516A018806B49000C9110 /* LoaTestkit */ = {
			isa = PBXNativeTarget;
			buildConfigurationList = 9BC516D618806B4A000C9110 /* Build configuration list for PBXNativeTarget "LoaTestkit" */;
			buildPhases = (
				9BC5169D18806B49000C9110 /* Sources */,
				9BC5169E18806B49000C9110 /* Frameworks */,
				9BC5169F18806B49000C9110 /* Resources */,
			);
			buildRules = (
			);
			dependencies = (
			);
			name = LoaTestkit;
			productName = LoaTestkit;
			productReference = 9BC516A118806B49000C9110 /* LoaTestkit.app */;
			productType = "com.apple.product-type.application";
		};
		9BC516C418806B49000C9110 /* LoaTestkitTests */ = {
			isa = PBXNativeTarget;
			buildConfigurationList = 9BC516D918806B4A000C9110 /* Build configuration list for PBXNativeTarget "LoaTestkitTests" */;
			buildPhases = (
				9BC516C118806B49000C9110 /* Sources */,
				9BC516C218806B49000C9110 /* Frameworks */,
				9BC516C318806B49000C9110 /* Resources */,
			);
			buildRules = (
			);
			dependencies = (
				9BC516CB18806B49000C9110 /* PBXTargetDependency */,
			);
			name = LoaTestkitTests;
			productName = LoaTestkitTests;
			productReference = 9BC516C518806B49000C9110 /* LoaTestkitTests.xctest */;
			productType = "com.apple.product-type.bundle.unit-test";
		};
/* End PBXNativeTarget section */

/* Begin PBXProject section */
		9BC5169918806B49000C9110 /* Project object */ = {
			isa = PBXProject;
			attributes = {
				LastUpgradeCheck = 0500;
				ORGANIZATIONNAME = "Matthew Bakalar";
				TargetAttributes = {
					9BC516A018806B49000C9110 = {
						DevelopmentTeam = NPZGJ9L3C2;
					};
					9BC516C418806B49000C9110 = {
						TestTargetID = 9BC516A018806B49000C9110;
					};
				};
			};
			buildConfigurationList = 9BC5169C18806B49000C9110 /* Build configuration list for PBXProject "LoaTestkit" */;
			compatibilityVersion = "Xcode 3.2";
			developmentRegion = English;
			hasScannedForEncodings = 0;
			knownRegions = (
				en,
				Base,
				ja,
			);
			mainGroup = 9BC5169818806B49000C9110;
			productRefGroup = 9BC516A218806B49000C9110 /* Products */;
			projectDirPath = "";
			projectRoot = "";
			targets = (
				9BC516A018806B49000C9110 /* LoaTestkit */,
				9BC516C418806B49000C9110 /* LoaTestkitTests */,
			);
		};
/* End PBXProject section */

/* Begin PBXResourcesBuildPhase section */
		9BC5169F18806B49000C9110 /* Resources */ = {
			isa = PBXResourcesBuildPhase;
			buildActionMask = 2147483647;
			files = (
				9B2EB25C18A812F8007EFB24 /* LICENSE.txt in Resources */,
				9B2EB25B18A812F8007EFB24 /* .gitignore in Resources */,
				9BC516BB18806B49000C9110 /* Main_iPad.storyboard in Resources */,
				9BC516C018806B49000C9110 /* Images.xcassets in Resources */,
				9BC516B818806B49000C9110 /* Main_iPhone.storyboard in Resources */,
				9B2EB27118A812F8007EFB24 /* README.md in Resources */,
				9B2EB26618A812F8007EFB24 /* QBImagePickerController.strings in Resources */,
				9BC516AF18806B49000C9110 /* InfoPlist.strings in Resources */,
			);
			runOnlyForDeploymentPostprocessing = 0;
		};
		9BC516C318806B49000C9110 /* Resources */ = {
			isa = PBXResourcesBuildPhase;
			buildActionMask = 2147483647;
			files = (
				9BC516D118806B4A000C9110 /* InfoPlist.strings in Resources */,
			);
			runOnlyForDeploymentPostprocessing = 0;
		};
/* End PBXResourcesBuildPhase section */

/* Begin PBXSourcesBuildPhase section */
		9BC5169D18806B49000C9110 /* Sources */ = {
			isa = PBXSourcesBuildPhase;
			buildActionMask = 2147483647;
			files = (
				9B2EB26218A812F8007EFB24 /* QBAssetsCollectionViewLayout.m in Sources */,
				9BDAC75D1880BE7A00C66C17 /* ReviewVideoViewController.m in Sources */,
				9B2EB27A18A813A1007EFB24 /* ProcessBatchViewController.m in Sources */,
				9B2EB25D18A812F8007EFB24 /* QBAssetsCollectionCheckmarkView.m in Sources */,
				9B2EB26518A812F8007EFB24 /* QBImagePickerThumbnailView.m in Sources */,
				9BC516EE18807F15000C9110 /* ProcessFramesViewController.m in Sources */,
				9B2EB26418A812F8007EFB24 /* QBImagePickerGroupCell.m in Sources */,
				9B2EB25E18A812F8007EFB24 /* QBAssetsCollectionFooterView.m in Sources */,
				9B2EB26018A812F8007EFB24 /* QBAssetsCollectionViewCell.m in Sources */,
				9BC516F718808573000C9110 /* UIImage+OpenCV.mm in Sources */,
				828FB45C18845A3B00BF9A59 /* MotionAnalysis.mm in Sources */,
				9BC516DE18806CF6000C9110 /* SelectVideoViewController.m in Sources */,
				9BC516EA18807151000C9110 /* MenuViewController.m in Sources */,
				9BC516E71880700D000C9110 /* PlayVideoViewController.m in Sources */,
				9B2EB26318A812F8007EFB24 /* QBImagePickerController.m in Sources */,
				9B2EB26118A812F8007EFB24 /* QBAssetsCollectionViewController.m in Sources */,
				9BDAC7601880BEA400C66C17 /* ProcessingResults.m in Sources */,
				9BC516BE18806B49000C9110 /* ViewController.m in Sources */,
				9BC516F4188084EE000C9110 /* FrameBuffer.mm in Sources */,
				9B2EB25F18A812F8007EFB24 /* QBAssetsCollectionOverlayView.m in Sources */,
				9BC516B518806B49000C9110 /* AppDelegate.m in Sources */,
				9BC516B118806B49000C9110 /* main.m in Sources */,
			);
			runOnlyForDeploymentPostprocessing = 0;
		};
		9BC516C118806B49000C9110 /* Sources */ = {
			isa = PBXSourcesBuildPhase;
			buildActionMask = 2147483647;
			files = (
				9BC516D318806B4A000C9110 /* LoaTestkitTests.m in Sources */,
			);
			runOnlyForDeploymentPostprocessing = 0;
		};
/* End PBXSourcesBuildPhase section */

/* Begin PBXTargetDependency section */
		9BC516CB18806B49000C9110 /* PBXTargetDependency */ = {
			isa = PBXTargetDependency;
			target = 9BC516A018806B49000C9110 /* LoaTestkit */;
			targetProxy = 9BC516CA18806B49000C9110 /* PBXContainerItemProxy */;
		};
/* End PBXTargetDependency section */

/* Begin PBXVariantGroup section */
		9B2EB24118A812F8007EFB24 /* QBImagePickerController.strings */ = {
			isa = PBXVariantGroup;
			children = (
				9B2EB24218A812F8007EFB24 /* en */,
				9B2EB24318A812F8007EFB24 /* ja */,
			);
			name = QBImagePickerController.strings;
			sourceTree = "<group>";
		};
		9BC516AD18806B49000C9110 /* InfoPlist.strings */ = {
			isa = PBXVariantGroup;
			children = (
				9BC516AE18806B49000C9110 /* en */,
			);
			name = InfoPlist.strings;
			sourceTree = "<group>";
		};
		9BC516B618806B49000C9110 /* Main_iPhone.storyboard */ = {
			isa = PBXVariantGroup;
			children = (
				9BC516B718806B49000C9110 /* Base */,
			);
			name = Main_iPhone.storyboard;
			sourceTree = "<group>";
		};
		9BC516B918806B49000C9110 /* Main_iPad.storyboard */ = {
			isa = PBXVariantGroup;
			children = (
				9BC516BA18806B49000C9110 /* Base */,
			);
			name = Main_iPad.storyboard;
			sourceTree = "<group>";
		};
		9BC516CF18806B4A000C9110 /* InfoPlist.strings */ = {
			isa = PBXVariantGroup;
			children = (
				9BC516D018806B4A000C9110 /* en */,
			);
			name = InfoPlist.strings;
			sourceTree = "<group>";
		};
/* End PBXVariantGroup section */

/* Begin XCBuildConfiguration section */
		9BC516D418806B4A000C9110 /* Debug */ = {
			isa = XCBuildConfiguration;
			buildSettings = {
				ALWAYS_SEARCH_USER_PATHS = NO;
				ARCHS = "$(ARCHS_STANDARD_INCLUDING_64_BIT)";
				CLANG_CXX_LANGUAGE_STANDARD = "gnu++0x";
				CLANG_CXX_LIBRARY = "libc++";
				CLANG_ENABLE_MODULES = YES;
				CLANG_ENABLE_OBJC_ARC = YES;
				CLANG_WARN_BOOL_CONVERSION = YES;
				CLANG_WARN_CONSTANT_CONVERSION = YES;
				CLANG_WARN_DIRECT_OBJC_ISA_USAGE = YES_ERROR;
				CLANG_WARN_EMPTY_BODY = YES;
				CLANG_WARN_ENUM_CONVERSION = YES;
				CLANG_WARN_INT_CONVERSION = YES;
				CLANG_WARN_OBJC_ROOT_CLASS = YES_ERROR;
				CLANG_WARN__DUPLICATE_METHOD_MATCH = YES;
				"CODE_SIGN_IDENTITY[sdk=iphoneos*]" = "iPhone Developer";
				COPY_PHASE_STRIP = NO;
				GCC_C_LANGUAGE_STANDARD = gnu99;
				GCC_DYNAMIC_NO_PIC = NO;
				GCC_OPTIMIZATION_LEVEL = 0;
				GCC_PREPROCESSOR_DEFINITIONS = (
					"DEBUG=1",
					"$(inherited)",
				);
				GCC_SYMBOLS_PRIVATE_EXTERN = NO;
				GCC_WARN_64_TO_32_BIT_CONVERSION = YES;
				GCC_WARN_ABOUT_RETURN_TYPE = YES_ERROR;
				GCC_WARN_UNDECLARED_SELECTOR = YES;
				GCC_WARN_UNINITIALIZED_AUTOS = YES;
				GCC_WARN_UNUSED_FUNCTION = YES;
				GCC_WARN_UNUSED_VARIABLE = YES;
				IPHONEOS_DEPLOYMENT_TARGET = 7.0;
				ONLY_ACTIVE_ARCH = YES;
				SDKROOT = iphoneos;
				TARGETED_DEVICE_FAMILY = "1,2";
			};
			name = Debug;
		};
		9BC516D518806B4A000C9110 /* Release */ = {
			isa = XCBuildConfiguration;
			buildSettings = {
				ALWAYS_SEARCH_USER_PATHS = NO;
				ARCHS = "$(ARCHS_STANDARD_INCLUDING_64_BIT)";
				CLANG_CXX_LANGUAGE_STANDARD = "gnu++0x";
				CLANG_CXX_LIBRARY = "libc++";
				CLANG_ENABLE_MODULES = YES;
				CLANG_ENABLE_OBJC_ARC = YES;
				CLANG_WARN_BOOL_CONVERSION = YES;
				CLANG_WARN_CONSTANT_CONVERSION = YES;
				CLANG_WARN_DIRECT_OBJC_ISA_USAGE = YES_ERROR;
				CLANG_WARN_EMPTY_BODY = YES;
				CLANG_WARN_ENUM_CONVERSION = YES;
				CLANG_WARN_INT_CONVERSION = YES;
				CLANG_WARN_OBJC_ROOT_CLASS = YES_ERROR;
				CLANG_WARN__DUPLICATE_METHOD_MATCH = YES;
				"CODE_SIGN_IDENTITY[sdk=iphoneos*]" = "iPhone Developer";
				COPY_PHASE_STRIP = YES;
				ENABLE_NS_ASSERTIONS = NO;
				GCC_C_LANGUAGE_STANDARD = gnu99;
				GCC_WARN_64_TO_32_BIT_CONVERSION = YES;
				GCC_WARN_ABOUT_RETURN_TYPE = YES_ERROR;
				GCC_WARN_UNDECLARED_SELECTOR = YES;
				GCC_WARN_UNINITIALIZED_AUTOS = YES;
				GCC_WARN_UNUSED_FUNCTION = YES;
				GCC_WARN_UNUSED_VARIABLE = YES;
				IPHONEOS_DEPLOYMENT_TARGET = 7.0;
				SDKROOT = iphoneos;
				TARGETED_DEVICE_FAMILY = "1,2";
				VALIDATE_PRODUCT = YES;
			};
			name = Release;
		};
		9BC516D718806B4A000C9110 /* Debug */ = {
			isa = XCBuildConfiguration;
			buildSettings = {
				ASSETCATALOG_COMPILER_APPICON_NAME = AppIcon;
				ASSETCATALOG_COMPILER_LAUNCHIMAGE_NAME = LaunchImage;
				CODE_SIGN_IDENTITY = "iPhone Developer";
				"CODE_SIGN_IDENTITY[sdk=iphoneos*]" = "iPhone Developer";
				FRAMEWORK_SEARCH_PATHS = (
					/Users/mdambrosio/Downloads/opencv_Framwork,
					/Users/mhbakalar/Dropbox/Projects,
				);
				GCC_INPUT_FILETYPE = automatic;
				GCC_PRECOMPILE_PREFIX_HEADER = YES;
				GCC_PREFIX_HEADER = "LoaTestkit/LoaTestkit-Prefix.pch";
				INFOPLIST_FILE = "LoaTestkit/LoaTestkit-Info.plist";
				PRODUCT_NAME = "$(TARGET_NAME)";
				PROVISIONING_PROFILE = "";
				WRAPPER_EXTENSION = app;
			};
			name = Debug;
		};
		9BC516D818806B4A000C9110 /* Release */ = {
			isa = XCBuildConfiguration;
			buildSettings = {
				ASSETCATALOG_COMPILER_APPICON_NAME = AppIcon;
				ASSETCATALOG_COMPILER_LAUNCHIMAGE_NAME = LaunchImage;
				CODE_SIGN_IDENTITY = "iPhone Developer";
				"CODE_SIGN_IDENTITY[sdk=iphoneos*]" = "iPhone Developer";
				FRAMEWORK_SEARCH_PATHS = (
					/Users/mdambrosio/Downloads/opencv_Framwork,
					/Users/mhbakalar/Dropbox/Projects,
				);
				GCC_INPUT_FILETYPE = automatic;
				GCC_PRECOMPILE_PREFIX_HEADER = YES;
				GCC_PREFIX_HEADER = "LoaTestkit/LoaTestkit-Prefix.pch";
				INFOPLIST_FILE = "LoaTestkit/LoaTestkit-Info.plist";
				PRODUCT_NAME = "$(TARGET_NAME)";
				PROVISIONING_PROFILE = "";
				WRAPPER_EXTENSION = app;
			};
			name = Release;
		};
		9BC516DA18806B4A000C9110 /* Debug */ = {
			isa = XCBuildConfiguration;
			buildSettings = {
				ARCHS = "$(ARCHS_STANDARD_INCLUDING_64_BIT)";
				BUNDLE_LOADER = "$(BUILT_PRODUCTS_DIR)/LoaTestkit.app/LoaTestkit";
				FRAMEWORK_SEARCH_PATHS = (
					"$(SDKROOT)/Developer/Library/Frameworks",
					"$(inherited)",
					"$(DEVELOPER_FRAMEWORKS_DIR)",
				);
				GCC_PRECOMPILE_PREFIX_HEADER = YES;
				GCC_PREFIX_HEADER = "LoaTestkit/LoaTestkit-Prefix.pch";
				GCC_PREPROCESSOR_DEFINITIONS = (
					"DEBUG=1",
					"$(inherited)",
				);
				INFOPLIST_FILE = "LoaTestkitTests/LoaTestkitTests-Info.plist";
				PRODUCT_NAME = "$(TARGET_NAME)";
				TEST_HOST = "$(BUNDLE_LOADER)";
				WRAPPER_EXTENSION = xctest;
			};
			name = Debug;
		};
		9BC516DB18806B4A000C9110 /* Release */ = {
			isa = XCBuildConfiguration;
			buildSettings = {
				ARCHS = "$(ARCHS_STANDARD_INCLUDING_64_BIT)";
				BUNDLE_LOADER = "$(BUILT_PRODUCTS_DIR)/LoaTestkit.app/LoaTestkit";
				FRAMEWORK_SEARCH_PATHS = (
					"$(SDKROOT)/Developer/Library/Frameworks",
					"$(inherited)",
					"$(DEVELOPER_FRAMEWORKS_DIR)",
				);
				GCC_PRECOMPILE_PREFIX_HEADER = YES;
				GCC_PREFIX_HEADER = "LoaTestkit/LoaTestkit-Prefix.pch";
				INFOPLIST_FILE = "LoaTestkitTests/LoaTestkitTests-Info.plist";
				PRODUCT_NAME = "$(TARGET_NAME)";
				TEST_HOST = "$(BUNDLE_LOADER)";
				WRAPPER_EXTENSION = xctest;
			};
			name = Release;
		};
/* End XCBuildConfiguration section */

/* Begin XCConfigurationList section */
		9BC5169C18806B49000C9110 /* Build configuration list for PBXProject "LoaTestkit" */ = {
			isa = XCConfigurationList;
			buildConfigurations = (
				9BC516D418806B4A000C9110 /* Debug */,
				9BC516D518806B4A000C9110 /* Release */,
			);
			defaultConfigurationIsVisible = 0;
			defaultConfigurationName = Release;
		};
		9BC516D618806B4A000C9110 /* Build configuration list for PBXNativeTarget "LoaTestkit" */ = {
			isa = XCConfigurationList;
			buildConfigurations = (
				9BC516D718806B4A000C9110 /* Debug */,
				9BC516D818806B4A000C9110 /* Release */,
			);
			defaultConfigurationIsVisible = 0;
			defaultConfigurationName = Release;
		};
		9BC516D918806B4A000C9110 /* Build configuration list for PBXNativeTarget "LoaTestkitTests" */ = {
			isa = XCConfigurationList;
			buildConfigurations = (
				9BC516DA18806B4A000C9110 /* Debug */,
				9BC516DB18806B4A000C9110 /* Release */,
			);
			defaultConfigurationIsVisible = 0;
			defaultConfigurationName = Release;
		};
/* End XCConfigurationList section */
	};
	rootObject = 9BC5169918806B49000C9110 /* Project object */;
}
